PODS:
  - PMAlertController (3.4.0)
  - Toast-Swift (3.0.1)

DEPENDENCIES:
  - PMAlertController
  - Toast-Swift (~> 3.0.1)

SPEC REPOS:
  https://github.com/cocoapods/specs.git:
    - PMAlertController
    - Toast-Swift

SPEC CHECKSUMS:
  PMAlertController: efb781925d741d50e0200018a00c53cecb8b4910
  Toast-Swift: ba0b01b095aada709d915f9beb1d38184a2721c3

PODFILE CHECKSUM: 8bfc7e4791832b9a266498e1921c63096f1fae1e

COCOAPODS: 1.6.0.beta.1
